
Microsoft Visual Studio Solution File, Format Version 12.00
# Visual Studio Version 16
VisualStudioVersion = 16.0.30204.135
MinimumVisualStudioVersion = 10.0.40219.1
Project("{9A19103F-16F7-4668-BE54-9A1E7A4F7556}") = "ZoneServer", "ZoneServer\ZoneServer.csproj", "{F8148CE6-11D9-4D91-AED7-5B551C9E6849}"
EndProject
Project("{9A19103F-16F7-4668-BE54-9A1E7A4F7556}") = "DatabaseServer", "DatabaseServer\DatabaseServer.csproj", "{C7EBF69A-9669-4944-A14D-A39599B52949}"
EndProject
Project("{9A19103F-16F7-4668-BE54-9A1E7A4F7556}") = "SearchServer", "SearchServer\SearchServer.csproj", "{6D850FBC-6524-456F-82D7-69F43744E0F6}"
EndProject
Project("{9A19103F-16F7-4668-BE54-9A1E7A4F7556}") = "Toolbelt", "Toolbelt\Toolbelt.csproj", "{893DDF63-A925-4047-ACB0-FCC132D47F52}"
EndProject
Project("{2150E333-8FDC-42A3-9474-1A3956D46DE8}") = "Servers", "Servers", "{64408A1E-AFF5-4F8A-BDB8-79D16428D6AC}"
EndProject
Project("{2150E333-8FDC-42A3-9474-1A3956D46DE8}") = "Libraries", "Libraries", "{5F61448E-30C2-47EB-94FD-4F2D5EE0B6D5}"
EndProject
Project("{9A19103F-16F7-4668-BE54-9A1E7A4F7556}") = "Networking", "Networking\Networking.csproj", "{4958881A-E826-4499-8840-055BAFC52206}"
EndProject
Project("{9A19103F-16F7-4668-BE54-9A1E7A4F7556}") = "Data", "Data\Data.csproj", "{F5152641-43B4-4D8D-A285-F1C01318F0D4}"
EndProject
Project("{9A19103F-16F7-4668-BE54-9A1E7A4F7556}") = "MessageServer", "MessageServer\MessageServer.csproj", "{1887D5AF-39C2-47F6-967E-D6D7A54DF42B}"
EndProject
Project("{9A19103F-16F7-4668-BE54-9A1E7A4F7556}") = "Scripting", "Scripting\Scripting.csproj", "{E0F9C90B-C575-4099-AB1A-8F5E88E0A99A}"
EndProject
Project("{9A19103F-16F7-4668-BE54-9A1E7A4F7556}") = "ConnectServer", "ConnectServer\ConnectServer.csproj", "{827DCC52-BC6B-4144-AB7B-3B234DCC66C4}"
EndProject
Project("{9A19103F-16F7-4668-BE54-9A1E7A4F7556}") = "DatabaseClient", "DatabaseClient\DatabaseClient.csproj", "{EA6A57E0-A127-4F85-AA0C-76E9AB136CD2}"
EndProject
Project("{9A19103F-16F7-4668-BE54-9A1E7A4F7556}") = "Game", "Game\Game.csproj", "{25E2B034-78B9-49EC-9075-3D4DD27E957A}"
EndProject
Global
	GlobalSection(SolutionConfigurationPlatforms) = preSolution
		Debug|Any CPU = Debug|Any CPU
		Release|Any CPU = Release|Any CPU
	EndGlobalSection
	GlobalSection(ProjectConfigurationPlatforms) = postSolution
		{F8148CE6-11D9-4D91-AED7-5B551C9E6849}.Debug|Any CPU.ActiveCfg = Debug|Any CPU
		{F8148CE6-11D9-4D91-AED7-5B551C9E6849}.Debug|Any CPU.Build.0 = Debug|Any CPU
		{F8148CE6-11D9-4D91-AED7-5B551C9E6849}.Release|Any CPU.ActiveCfg = Release|Any CPU
		{F8148CE6-11D9-4D91-AED7-5B551C9E6849}.Release|Any CPU.Build.0 = Release|Any CPU
		{C7EBF69A-9669-4944-A14D-A39599B52949}.Debug|Any CPU.ActiveCfg = Debug|Any CPU
		{C7EBF69A-9669-4944-A14D-A39599B52949}.Debug|Any CPU.Build.0 = Debug|Any CPU
		{C7EBF69A-9669-4944-A14D-A39599B52949}.Release|Any CPU.ActiveCfg = Release|Any CPU
		{C7EBF69A-9669-4944-A14D-A39599B52949}.Release|Any CPU.Build.0 = Release|Any CPU
		{6D850FBC-6524-456F-82D7-69F43744E0F6}.Debug|Any CPU.ActiveCfg = Debug|Any CPU
		{6D850FBC-6524-456F-82D7-69F43744E0F6}.Debug|Any CPU.Build.0 = Debug|Any CPU
		{6D850FBC-6524-456F-82D7-69F43744E0F6}.Release|Any CPU.ActiveCfg = Release|Any CPU
		{6D850FBC-6524-456F-82D7-69F43744E0F6}.Release|Any CPU.Build.0 = Release|Any CPU
		{893DDF63-A925-4047-ACB0-FCC132D47F52}.Debug|Any CPU.ActiveCfg = Debug|Any CPU
		{893DDF63-A925-4047-ACB0-FCC132D47F52}.Debug|Any CPU.Build.0 = Debug|Any CPU
		{893DDF63-A925-4047-ACB0-FCC132D47F52}.Release|Any CPU.ActiveCfg = Release|Any CPU
		{893DDF63-A925-4047-ACB0-FCC132D47F52}.Release|Any CPU.Build.0 = Release|Any CPU
		{4958881A-E826-4499-8840-055BAFC52206}.Debug|Any CPU.ActiveCfg = Debug|Any CPU
		{4958881A-E826-4499-8840-055BAFC52206}.Debug|Any CPU.Build.0 = Debug|Any CPU
		{4958881A-E826-4499-8840-055BAFC52206}.Release|Any CPU.ActiveCfg = Release|Any CPU
		{4958881A-E826-4499-8840-055BAFC52206}.Release|Any CPU.Build.0 = Release|Any CPU
		{F5152641-43B4-4D8D-A285-F1C01318F0D4}.Debug|Any CPU.ActiveCfg = Debug|Any CPU
		{F5152641-43B4-4D8D-A285-F1C01318F0D4}.Debug|Any CPU.Build.0 = Debug|Any CPU
		{F5152641-43B4-4D8D-A285-F1C01318F0D4}.Release|Any CPU.ActiveCfg = Release|Any CPU
		{F5152641-43B4-4D8D-A285-F1C01318F0D4}.Release|Any CPU.Build.0 = Release|Any CPU
		{1887D5AF-39C2-47F6-967E-D6D7A54DF42B}.Debug|Any CPU.ActiveCfg = Debug|Any CPU
		{1887D5AF-39C2-47F6-967E-D6D7A54DF42B}.Debug|Any CPU.Build.0 = Debug|Any CPU
		{1887D5AF-39C2-47F6-967E-D6D7A54DF42B}.Release|Any CPU.ActiveCfg = Release|Any CPU
		{1887D5AF-39C2-47F6-967E-D6D7A54DF42B}.Release|Any CPU.Build.0 = Release|Any CPU
		{E0F9C90B-C575-4099-AB1A-8F5E88E0A99A}.Debug|Any CPU.ActiveCfg = Debug|Any CPU
		{E0F9C90B-C575-4099-AB1A-8F5E88E0A99A}.Debug|Any CPU.Build.0 = Debug|Any CPU
		{E0F9C90B-C575-4099-AB1A-8F5E88E0A99A}.Release|Any CPU.ActiveCfg = Release|Any CPU
		{E0F9C90B-C575-4099-AB1A-8F5E88E0A99A}.Release|Any CPU.Build.0 = Release|Any CPU
		{827DCC52-BC6B-4144-AB7B-3B234DCC66C4}.Debug|Any CPU.ActiveCfg = Debug|Any CPU
		{827DCC52-BC6B-4144-AB7B-3B234DCC66C4}.Debug|Any CPU.Build.0 = Debug|Any CPU
		{827DCC52-BC6B-4144-AB7B-3B234DCC66C4}.Release|Any CPU.ActiveCfg = Release|Any CPU
		{827DCC52-BC6B-4144-AB7B-3B234DCC66C4}.Release|Any CPU.Build.0 = Release|Any CPU
		{EA6A57E0-A127-4F85-AA0C-76E9AB136CD2}.Debug|Any CPU.ActiveCfg = Debug|Any CPU
		{EA6A57E0-A127-4F85-AA0C-76E9AB136CD2}.Debug|Any CPU.Build.0 = Debug|Any CPU
		{EA6A57E0-A127-4F85-AA0C-76E9AB136CD2}.Release|Any CPU.ActiveCfg = Release|Any CPU
		{EA6A57E0-A127-4F85-AA0C-76E9AB136CD2}.Release|Any CPU.Build.0 = Release|Any CPU
		{25E2B034-78B9-49EC-9075-3D4DD27E957A}.Debug|Any CPU.ActiveCfg = Debug|Any CPU
		{25E2B034-78B9-49EC-9075-3D4DD27E957A}.Debug|Any CPU.Build.0 = Debug|Any CPU
		{25E2B034-78B9-49EC-9075-3D4DD27E957A}.Release|Any CPU.ActiveCfg = Release|Any CPU
		{25E2B034-78B9-49EC-9075-3D4DD27E957A}.Release|Any CPU.Build.0 = Release|Any CPU
	EndGlobalSection
	GlobalSection(SolutionProperties) = preSolution
		HideSolutionNode = FALSE
	EndGlobalSection
	GlobalSection(NestedProjects) = preSolution
		{F8148CE6-11D9-4D91-AED7-5B551C9E6849} = {64408A1E-AFF5-4F8A-BDB8-79D16428D6AC}
		{C7EBF69A-9669-4944-A14D-A39599B52949} = {64408A1E-AFF5-4F8A-BDB8-79D16428D6AC}
		{6D850FBC-6524-456F-82D7-69F43744E0F6} = {64408A1E-AFF5-4F8A-BDB8-79D16428D6AC}
		{893DDF63-A925-4047-ACB0-FCC132D47F52} = {5F61448E-30C2-47EB-94FD-4F2D5EE0B6D5}
		{4958881A-E826-4499-8840-055BAFC52206} = {5F61448E-30C2-47EB-94FD-4F2D5EE0B6D5}
		{F5152641-43B4-4D8D-A285-F1C01318F0D4} = {5F61448E-30C2-47EB-94FD-4F2D5EE0B6D5}
		{1887D5AF-39C2-47F6-967E-D6D7A54DF42B} = {64408A1E-AFF5-4F8A-BDB8-79D16428D6AC}
		{E0F9C90B-C575-4099-AB1A-8F5E88E0A99A} = {5F61448E-30C2-47EB-94FD-4F2D5EE0B6D5}
		{827DCC52-BC6B-4144-AB7B-3B234DCC66C4} = {64408A1E-AFF5-4F8A-BDB8-79D16428D6AC}
		{EA6A57E0-A127-4F85-AA0C-76E9AB136CD2} = {5F61448E-30C2-47EB-94FD-4F2D5EE0B6D5}
		{25E2B034-78B9-49EC-9075-3D4DD27E957A} = {5F61448E-30C2-47EB-94FD-4F2D5EE0B6D5}
	EndGlobalSection
	GlobalSection(ExtensibilityGlobals) = postSolution
		SolutionGuid = {3F1C3F4E-EEE8-4BDE-AADF-D9215BD056DC}
	EndGlobalSection
EndGlobal
